
Microsoft Visual Studio Solution File, Format Version 11.00
# Visual Studio 2010
Project("{8BC9CEB8-8B4A-11D0-8D11-00A0C91BC942}") = "PA_6", "PA_6\PA_6.vcxproj", "{4BE91384-6ED7-481B-AC26-03EB8DE235FE}"
EndProject
Global
	GlobalSection(SolutionConfigurationPlatforms) = preSolution
		Debug|Win32 = Debug|Win32
		Release|Win32 = Release|Win32
	EndGlobalSection
	GlobalSection(ProjectConfigurationPlatforms) = postSolution
		{4BE91384-6ED7-481B-AC26-03EB8DE235FE}.Debug|Win32.ActiveCfg = Debug|Win32
		{4BE91384-6ED7-481B-AC26-03EB8DE235FE}.Debug|Win32.Build.0 = Debug|Win32
		{4BE91384-6ED7-481B-AC26-03EB8DE235FE}.Release|Win32.ActiveCfg = Release|Win32
		{4BE91384-6ED7-481B-AC26-03EB8DE235FE}.Release|Win32.Build.0 = Release|Win32
	EndGlobalSection
	GlobalSection(SolutionProperties) = preSolution
		HideSolutionNode = FALSE
	EndGlobalSection
EndGlobal
